schema: '2.0'
stages:
  get_oxgraph:
    cmd: python src/get_oxgraph.py inputs/Detroit_Boxes.geojson outputs/oxgraph.csv
    deps:
    - path: inputs/Detroit_Boxes.geojson
      hash: md5
      md5: 62714d9feccf07d9a54ea3219c2b112f
      size: 2643
    - path: src/get_oxgraph.py
      hash: md5
      md5: e83ce043e07db1cf2e965b15daa6fd3c
      size: 1013
    outs:
    - path: outputs/oxgraph.csv
      hash: md5
      md5: 123bb4cf60bef4f76bf69eb2805ede63
      size: 306194
      cloud:
        gcp:
          etag: 0897a3a2c9b1ef84031001
          version_id: '1710269284258199'
  get_queryable_points:
    cmd: python src/get_queryable_points.py outputs/oxgraph.csv outputs/queryable_points.csv
    deps:
    - path: outputs/oxgraph.csv
      hash: md5
      md5: 123bb4cf60bef4f76bf69eb2805ede63
      size: 306194
    - path: src/get_queryable_points.py
      hash: md5
      md5: a0b75926dfcfb4b16bdc612c503f370e
      size: 619
    outs:
    - path: outputs/queryable_points.csv
      hash: md5
      md5: b23a950f6c73cb5999ebc6107500f476
      size: 3261350
      cloud:
        gcp:
          etag: 08da9e8fcab1ef84031001
          version_id: '1710269286043482'
  filter_kirthi_panoids:
    cmd: python src/filter_panoids.py
    deps:
    - path: src/filter_panoids.py
      hash: md5
      md5: ab4d4c6e3b95a06d074d9bb108ac3088
      size: 1483
    outs:
    - path: outputs/filtered_panoids.csv
      hash: md5
      md5: 044798533f9048c269b598ff26c8ebca
      size: 37777557
      cloud:
        gcp:
          etag: 0898f1f7d0b1ef84031001
          version_id: '1710269300340888'
  filter_queryable_points:
    cmd: python src/filter_queryable_points.py inputs/madison_heights_strip_mall.geojson
      outputs/queryable_points.csv outputs/filtered_queryable_points.csv
    deps:
    - path: outputs/queryable_points.csv
      hash: md5
      md5: b23a950f6c73cb5999ebc6107500f476
      size: 3261350
    - path: src/filter_queryable_points.py
      hash: md5
      md5: f852c2d7f511c7cfc20f9d8916737453
      size: 572
    outs:
    - path: outputs/filtered_queryable_points.csv
      hash: md5
      md5: 42bcdc4a2d6bded376a22e5dae1ed7f2
      size: 435239
  get_panoramas:
    cmd: python src/get_panoramas.py outputs/filtered_queryable_points.csv outputs/stitched
    deps:
    - path: outputs/filtered_queryable_points.csv
      hash: md5
      md5: aaba952cb2e2dcf10d68b9a974c7bb89
      size: 2546411
    - path: src/get_panoramas.py
      hash: md5
      md5: d4728cd671a6640c24b96d1b5c7ed112
      size: 601
    outs:
    - path: outputs/stitched
      hash: md5
      md5: 356aee8ed6930d3cf05d65ecbde7e8fe.dir
      size: 251402938
      nfiles: 48
  get_ocr:
    cmd: python src/get_ocr.py outputs/stitched outputs/raw_ocr.csv
    deps:
    - path: outputs/stitched
      hash: md5
      md5: 93b97a13b6e68c051e5789536d832daf.dir
      size: 50859388332
      nfiles: 9426
    - path: src/get_ocr.py
      hash: md5
      md5: 7878ec89697a388f5e71eed00fd449a0
      size: 1417
    outs:
    - path: outputs/raw_ocr.csv
      hash: md5
      md5: d8eefd7c3fffba0983422865abe708e1
      size: 2340505
