schema: '2.0'
stages:
  get_oxgraph:
    cmd: python src/get_oxgraph.py inputs/Detroit_Boxes.geojson outputs/oxgraph.csv
    deps:
    - path: inputs/Detroit_Boxes.geojson
      hash: md5
      md5: 62714d9feccf07d9a54ea3219c2b112f
      size: 2643
    - path: src/get_oxgraph.py
      hash: md5
      md5: e83ce043e07db1cf2e965b15daa6fd3c
      size: 1013
    outs:
    - path: outputs/oxgraph.csv
      hash: md5
      md5: 123bb4cf60bef4f76bf69eb2805ede63
      size: 306194
  get_queryable_points:
    cmd: python src/get_queryable_points.py outputs/oxgraph.csv outputs/queryable_points.csv
    deps:
    - path: outputs/oxgraph.csv
      hash: md5
      md5: 123bb4cf60bef4f76bf69eb2805ede63
      size: 306194
    - path: src/get_queryable_points.py
      hash: md5
      md5: a0b75926dfcfb4b16bdc612c503f370e
      size: 619
    outs:
    - path: outputs/queryable_points.csv
      hash: md5
      md5: b23a950f6c73cb5999ebc6107500f476
      size: 3261350
  filter_kirthi_panoids:
    cmd: python src/filter_panoids.py
    deps:
    - path: src/filter_panoids.py
      hash: md5
      md5: ab4d4c6e3b95a06d074d9bb108ac3088
      size: 1483
    outs:
    - path: outputs/filtered_panoids.csv
      hash: md5
      md5: 044798533f9048c269b598ff26c8ebca
      size: 37777557
  filter_queryable_points:
    cmd: python src/filter_queryable_points.py inputs/Troy_MadisonHeights.geojson
      outputs/queryable_points.csv outputs/filtered_queryable_points.csv
    deps:
    - path: outputs/queryable_points.csv
      hash: md5
      md5: b23a950f6c73cb5999ebc6107500f476
      size: 3261350
    - path: src/filter_queryable_points.py
      hash: md5
      md5: 2dfeb426e665531ee0d0bcfd9f97abcb
      size: 591
    outs:
    - path: outputs/filtered_queryable_points.csv
      hash: md5
      md5: aaba952cb2e2dcf10d68b9a974c7bb89
      size: 2546411
  get_panoramas:
    cmd: python src/get_panoramas.py outputs/filtered_queryable_points.csv outputs/panoramas
    deps:
    - path: outputs/filtered_queryable_points.csv
      hash: md5
      md5: aaba952cb2e2dcf10d68b9a974c7bb89
      size: 2546411
    - path: src/get_panoramas.py
      hash: md5
      md5: 0199e66d40855f6ad745a7c29d047c6d
      size: 423
